// !$*UTF8*$!
{
	archiveVersion = 1;
	classes = {
	};
	objectVersion = 45;
	objects = {

/* Begin PBXBuildFile section */
		8D11072B0486CEB800E47090 /* InfoPlist.strings in Resources */ = {isa = PBXBuildFile; fileRef = 089C165CFE840E0CC02AAC07 /* InfoPlist.strings */; };
		8D11072D0486CEB800E47090 /* main.m in Sources */ = {isa = PBXBuildFile; fileRef = 29B97316FDCFA39411CA2CEA /* main.m */; settings = {ATTRIBUTES = (); }; };
		8D11072F0486CEB800E47090 /* Cocoa.framework in Frameworks */ = {isa = PBXBuildFile; fileRef = 1058C7A1FEA54F0111CA2CBB /* Cocoa.framework */; };
		EB1643952AA64255009446E6 /* PICT0603.jpg in Resources */ = {isa = PBXBuildFile; fileRef = EB1643922AA64255009446E6 /* PICT0603.jpg */; };
		EB1643962AA64255009446E6 /* PICT0604.jpg in Resources */ = {isa = PBXBuildFile; fileRef = EB1643932AA64255009446E6 /* PICT0604.jpg */; };
		EB1643972AA64255009446E6 /* PICT0602.jpg in Resources */ = {isa = PBXBuildFile; fileRef = EB1643942AA64255009446E6 /* PICT0602.jpg */; };
		EB26B6272ABB6C6300FC2E83 /* Bouquet.m in Sources */ = {isa = PBXBuildFile; fileRef = EB26B6252ABB6C6200FC2E83 /* Bouquet.m */; };
		EB30958B2AA0BC6B000D946F /* Appl_KnjigeNT.rsrc.zip in Resources */ = {isa = PBXBuildFile; fileRef = EB30958A2AA0BC6B000D946F /* Appl_KnjigeNT.rsrc.zip */; };
		EB3921052AAB5FB4003EBFBC /* PICT0132.jpg in Resources */ = {isa = PBXBuildFile; fileRef = EB3921032AAB5FB4003EBFBC /* PICT0132.jpg */; };
		EB3921062AAB5FB4003EBFBC /* PICT0131.jpg in Resources */ = {isa = PBXBuildFile; fileRef = EB3921042AAB5FB4003EBFBC /* PICT0131.jpg */; };
		EB6B95A32A9D21D90013DC1D /* CICN0701.jpg in Resources */ = {isa = PBXBuildFile; fileRef = EB6B95A12A9D21D80013DC1D /* CICN0701.jpg */; };
		EB6B95A42A9D21D90013DC1D /* CICN0702.jpg in Resources */ = {isa = PBXBuildFile; fileRef = EB6B95A22A9D21D90013DC1D /* CICN0702.jpg */; };
		EB8D15912AB4D7EB00B7EA5B /* ICON0145.jpg in Resources */ = {isa = PBXBuildFile; fileRef = EB8D158B2AB4D7EB00B7EA5B /* ICON0145.jpg */; };
		EB8D15922AB4D7EB00B7EA5B /* ICON0147.jpg in Resources */ = {isa = PBXBuildFile; fileRef = EB8D158C2AB4D7EB00B7EA5B /* ICON0147.jpg */; };
		EB8D15932AB4D7EB00B7EA5B /* ICON0305.jpg in Resources */ = {isa = PBXBuildFile; fileRef = EB8D158D2AB4D7EB00B7EA5B /* ICON0305.jpg */; };
		EB8D15942AB4D7EB00B7EA5B /* ICON0306.jpg in Resources */ = {isa = PBXBuildFile; fileRef = EB8D158E2AB4D7EB00B7EA5B /* ICON0306.jpg */; };
		EB8D15952AB4D7EB00B7EA5B /* ICON0146.jpg in Resources */ = {isa = PBXBuildFile; fileRef = EB8D158F2AB4D7EB00B7EA5B /* ICON0146.jpg */; };
		EB8D15962AB4D7EB00B7EA5B /* ICON0307.jpg in Resources */ = {isa = PBXBuildFile; fileRef = EB8D15902AB4D7EB00B7EA5B /* ICON0307.jpg */; };
		EBCDD3EB2ACF48C20090487E /* DTTableViewController.m in Sources */ = {isa = PBXBuildFile; fileRef = EBCDD3EA2ACF48C20090487E /* DTTableViewController.m */; };
		EBD283FC2AA238BE0021BAEE /* NSFont+CFTraits.m in Sources */ = {isa = PBXBuildFile; fileRef = EBD283FB2AA238BE0021BAEE /* NSFont+CFTraits.m */; };
		EBE7FE862A8D4635001CD6A9 /* Carbon.framework in Frameworks */ = {isa = PBXBuildFile; fileRef = EBE7FE852A8D4635001CD6A9 /* Carbon.framework */; };
		EBEB57302AA61A5000A55FE3 /* NiblessTestAppDelegate.m in Sources */ = {isa = PBXBuildFile; fileRef = EBEB572F2AA61A5000A55FE3 /* NiblessTestAppDelegate.m */; };
		EBEB57352AA61B2200A55FE3 /* DTOverlayView.m in Sources */ = {isa = PBXBuildFile; fileRef = EBEB57322AA61B2200A55FE3 /* DTOverlayView.m */; };
		EBEB57362AA61B2200A55FE3 /* DTBackView.m in Sources */ = {isa = PBXBuildFile; fileRef = EBEB57332AA61B2200A55FE3 /* DTBackView.m */; };
		EBEB57402AA61B4100A55FE3 /* GetNextEvent.m in Sources */ = {isa = PBXBuildFile; fileRef = EBEB57372AA61B4100A55FE3 /* GetNextEvent.m */; };
		EBEB57412AA61B4100A55FE3 /* FirstForm.m in Sources */ = {isa = PBXBuildFile; fileRef = EBEB57392AA61B4100A55FE3 /* FirstForm.m */; };
		EBEB57422AA61B4100A55FE3 /* WindowFactory.m in Sources */ = {isa = PBXBuildFile; fileRef = EBEB573D2AA61B4100A55FE3 /* WindowFactory.m */; };
		EBEB57432AA61B4100A55FE3 /* MainLoop.m in Sources */ = {isa = PBXBuildFile; fileRef = EBEB573F2AA61B4100A55FE3 /* MainLoop.m */; };
		EBF336992A8FA04600069683 /* Bouquet512.png in Resources */ = {isa = PBXBuildFile; fileRef = EBF336982A8FA04600069683 /* Bouquet512.png */; };
		EBF568282A9E63CF0062D320 /* CICN0822.jpg in Resources */ = {isa = PBXBuildFile; fileRef = EBF5681C2A9E63CF0062D320 /* CICN0822.jpg */; };
		EBF568292A9E63CF0062D320 /* CICN0816.jpg in Resources */ = {isa = PBXBuildFile; fileRef = EBF5681D2A9E63CF0062D320 /* CICN0816.jpg */; };
		EBF5682A2A9E63CF0062D320 /* CICN0814.jpg in Resources */ = {isa = PBXBuildFile; fileRef = EBF5681E2A9E63CF0062D320 /* CICN0814.jpg */; };
		EBF5682B2A9E63CF0062D320 /* CICN0815.jpg in Resources */ = {isa = PBXBuildFile; fileRef = EBF5681F2A9E63CF0062D320 /* CICN0815.jpg */; };
		EBF5682C2A9E63CF0062D320 /* CICN0813.jpg in Resources */ = {isa = PBXBuildFile; fileRef = EBF568202A9E63CF0062D320 /* CICN0813.jpg */; };
		EBF5682D2A9E63CF0062D320 /* CICN0817.jpg in Resources */ = {isa = PBXBuildFile; fileRef = EBF568212A9E63CF0062D320 /* CICN0817.jpg */; };
		EBF5682F2A9E63CF0062D320 /* CICN0818.jpg in Resources */ = {isa = PBXBuildFile; fileRef = EBF568232A9E63CF0062D320 /* CICN0818.jpg */; };
		EBF568302A9E63CF0062D320 /* CICN0821.jpg in Resources */ = {isa = PBXBuildFile; fileRef = EBF568242A9E63CF0062D320 /* CICN0821.jpg */; };
		EBF568312A9E63CF0062D320 /* CICN0812.jpg in Resources */ = {isa = PBXBuildFile; fileRef = EBF568252A9E63CF0062D320 /* CICN0812.jpg */; };
		EBF568322A9E63CF0062D320 /* CICN0820.jpg in Resources */ = {isa = PBXBuildFile; fileRef = EBF568262A9E63CF0062D320 /* CICN0820.jpg */; };
		EBF568332A9E63CF0062D320 /* CICN0819.jpg in Resources */ = {isa = PBXBuildFile; fileRef = EBF568272A9E63CF0062D320 /* CICN0819.jpg */; };
/* End PBXBuildFile section */

/* Begin PBXFileReference section */
		1058C7A1FEA54F0111CA2CBB /* Cocoa.framework */ = {isa = PBXFileReference; lastKnownFileType = wrapper.framework; name = Cocoa.framework; path = /System/Library/Frameworks/Cocoa.framework; sourceTree = "<absolute>"; };
		13E42FB307B3F0F600E4EEF1 /* CoreData.framework */ = {isa = PBXFileReference; lastKnownFileType = wrapper.framework; name = CoreData.framework; path = /System/Library/Frameworks/CoreData.framework; sourceTree = "<absolute>"; };
		256AC3F00F4B6AF500CF3369 /* NiblessTest_Prefix.pch */ = {isa = PBXFileReference; fileEncoding = 4; lastKnownFileType = sourcecode.c.h; path = NiblessTest_Prefix.pch; sourceTree = "<group>"; };
		29B97316FDCFA39411CA2CEA /* main.m */ = {isa = PBXFileReference; fileEncoding = 4; lastKnownFileType = sourcecode.c.objc; path = main.m; sourceTree = "<group>"; };
		29B97324FDCFA39411CA2CEA /* AppKit.framework */ = {isa = PBXFileReference; lastKnownFileType = wrapper.framework; name = AppKit.framework; path = /System/Library/Frameworks/AppKit.framework; sourceTree = "<absolute>"; };
		29B97325FDCFA39411CA2CEA /* Foundation.framework */ = {isa = PBXFileReference; lastKnownFileType = wrapper.framework; name = Foundation.framework; path = /System/Library/Frameworks/Foundation.framework; sourceTree = "<absolute>"; };
		8D1107310486CEB800E47090 /* NiblessTest-Info.plist */ = {isa = PBXFileReference; fileEncoding = 4; lastKnownFileType = text.plist.xml; path = "NiblessTest-Info.plist"; sourceTree = "<group>"; };
		8D1107320486CEB800E47090 /* NiblessTest.app */ = {isa = PBXFileReference; explicitFileType = wrapper.application; includeInIndex = 0; path = NiblessTest.app; sourceTree = BUILT_PRODUCTS_DIR; };
		EB1643922AA64255009446E6 /* PICT0603.jpg */ = {isa = PBXFileReference; lastKnownFileType = image.jpeg; name = PICT0603.jpg; path = PICT/PICT0603.jpg; sourceTree = "<group>"; };
		EB1643932AA64255009446E6 /* PICT0604.jpg */ = {isa = PBXFileReference; lastKnownFileType = image.jpeg; name = PICT0604.jpg; path = PICT/PICT0604.jpg; sourceTree = "<group>"; };
		EB1643942AA64255009446E6 /* PICT0602.jpg */ = {isa = PBXFileReference; lastKnownFileType = image.jpeg; name = PICT0602.jpg; path = PICT/PICT0602.jpg; sourceTree = "<group>"; };
		EB26B6252ABB6C6200FC2E83 /* Bouquet.m */ = {isa = PBXFileReference; fileEncoding = 4; lastKnownFileType = sourcecode.c.objc; name = Bouquet.m; path = NiblessTest/Bouquet.m; sourceTree = "<group>"; };
		EB26B6262ABB6C6300FC2E83 /* Bouquet.h */ = {isa = PBXFileReference; fileEncoding = 4; lastKnownFileType = sourcecode.c.h; name = Bouquet.h; path = NiblessTest/Bouquet.h; sourceTree = "<group>"; };
		EB30958A2AA0BC6B000D946F /* Appl_KnjigeNT.rsrc.zip */ = {isa = PBXFileReference; lastKnownFileType = archive.zip; path = Appl_KnjigeNT.rsrc.zip; sourceTree = "<group>"; };
		EB3921032AAB5FB4003EBFBC /* PICT0132.jpg */ = {isa = PBXFileReference; lastKnownFileType = image.jpeg; name = PICT0132.jpg; path = PICT/PICT0132.jpg; sourceTree = "<group>"; };
		EB3921042AAB5FB4003EBFBC /* PICT0131.jpg */ = {isa = PBXFileReference; lastKnownFileType = image.jpeg; name = PICT0131.jpg; path = PICT/PICT0131.jpg; sourceTree = "<group>"; };
		EB53864A2A8FE9AC00040808 /* Temp.m */ = {isa = PBXFileReference; lastKnownFileType = sourcecode.c.objc; path = Temp.m; sourceTree = "<group>"; };
		EB53864B2A8FE9AC00040808 /* Console-Output.h */ = {isa = PBXFileReference; lastKnownFileType = sourcecode.c.h; path = "Console-Output.h"; sourceTree = "<group>"; };
		EB53864C2A8FE9AC00040808 /* Search-Results.h */ = {isa = PBXFileReference; lastKnownFileType = sourcecode.c.h; path = "Search-Results.h"; sourceTree = "<group>"; };
		EB53864D2A8FE9AC00040808 /* Notes.h */ = {isa = PBXFileReference; lastKnownFileType = sourcecode.c.h; path = Notes.h; sourceTree = "<group>"; };
		EB53864E2A8FE9AC00040808 /* Run-Debug.h */ = {isa = PBXFileReference; lastKnownFileType = sourcecode.c.h; path = "Run-Debug.h"; sourceTree = "<group>"; };
		EB60FC7F2A90FB9C00445F13 /* en */ = {isa = PBXFileReference; lastKnownFileType = text.plist.strings; name = en; path = en.lproj/InfoPlist.strings; sourceTree = "<group>"; };
		EB6B95A12A9D21D80013DC1D /* CICN0701.jpg */ = {isa = PBXFileReference; lastKnownFileType = image.jpeg; name = CICN0701.jpg; path = CICN/CICN0701.jpg; sourceTree = "<group>"; };
		EB6B95A22A9D21D90013DC1D /* CICN0702.jpg */ = {isa = PBXFileReference; lastKnownFileType = image.jpeg; name = CICN0702.jpg; path = CICN/CICN0702.jpg; sourceTree = "<group>"; };
		EB8D158B2AB4D7EB00B7EA5B /* ICON0145.jpg */ = {isa = PBXFileReference; lastKnownFileType = image.jpeg; name = ICON0145.jpg; path = ICON/ICON0145.jpg; sourceTree = "<group>"; };
		EB8D158C2AB4D7EB00B7EA5B /* ICON0147.jpg */ = {isa = PBXFileReference; lastKnownFileType = image.jpeg; name = ICON0147.jpg; path = ICON/ICON0147.jpg; sourceTree = "<group>"; };
		EB8D158D2AB4D7EB00B7EA5B /* ICON0305.jpg */ = {isa = PBXFileReference; lastKnownFileType = image.jpeg; name = ICON0305.jpg; path = ICON/ICON0305.jpg; sourceTree = "<group>"; };
		EB8D158E2AB4D7EB00B7EA5B /* ICON0306.jpg */ = {isa = PBXFileReference; lastKnownFileType = image.jpeg; name = ICON0306.jpg; path = ICON/ICON0306.jpg; sourceTree = "<group>"; };
		EB8D158F2AB4D7EB00B7EA5B /* ICON0146.jpg */ = {isa = PBXFileReference; lastKnownFileType = image.jpeg; name = ICON0146.jpg; path = ICON/ICON0146.jpg; sourceTree = "<group>"; };
		EB8D15902AB4D7EB00B7EA5B /* ICON0307.jpg */ = {isa = PBXFileReference; lastKnownFileType = image.jpeg; name = ICON0307.jpg; path = ICON/ICON0307.jpg; sourceTree = "<group>"; };
		EBCDD3E92ACF48C20090487E /* DTTableViewController.h */ = {isa = PBXFileReference; fileEncoding = 4; lastKnownFileType = sourcecode.c.h; name = DTTableViewController.h; path = NiblessTest/DTTableViewController.h; sourceTree = "<group>"; };
		EBCDD3EA2ACF48C20090487E /* DTTableViewController.m */ = {isa = PBXFileReference; fileEncoding = 4; lastKnownFileType = sourcecode.c.objc; name = DTTableViewController.m; path = NiblessTest/DTTableViewController.m; sourceTree = "<group>"; };
		EBD283FA2AA238BE0021BAEE /* NSFont+CFTraits.h */ = {isa = PBXFileReference; fileEncoding = 4; lastKnownFileType = sourcecode.c.h; name = "NSFont+CFTraits.h"; path = "NiblessTest/NSFont+CFTraits.h"; sourceTree = "<group>"; };
		EBD283FB2AA238BE0021BAEE /* NSFont+CFTraits.m */ = {isa = PBXFileReference; fileEncoding = 4; lastKnownFileType = sourcecode.c.objc; name = "NSFont+CFTraits.m"; path = "NiblessTest/NSFont+CFTraits.m"; sourceTree = "<group>"; };
		EBE7FE852A8D4635001CD6A9 /* Carbon.framework */ = {isa = PBXFileReference; lastKnownFileType = wrapper.framework; name = Carbon.framework; path = System/Library/Frameworks/Carbon.framework; sourceTree = SDKROOT; };
		EBEB572E2AA61A4F00A55FE3 /* NiblessTestAppDelegate.h */ = {isa = PBXFileReference; fileEncoding = 4; lastKnownFileType = sourcecode.c.h; path = NiblessTestAppDelegate.h; sourceTree = "<group>"; };
		EBEB572F2AA61A5000A55FE3 /* NiblessTestAppDelegate.m */ = {isa = PBXFileReference; fileEncoding = 4; lastKnownFileType = sourcecode.c.objc; path = NiblessTestAppDelegate.m; sourceTree = "<group>"; };
		EBEB57312AA61B2200A55FE3 /* DTBackView.h */ = {isa = PBXFileReference; fileEncoding = 4; lastKnownFileType = sourcecode.c.h; name = DTBackView.h; path = NiblessTest/DTBackView.h; sourceTree = "<group>"; };
		EBEB57322AA61B2200A55FE3 /* DTOverlayView.m */ = {isa = PBXFileReference; fileEncoding = 4; lastKnownFileType = sourcecode.c.objc; name = DTOverlayView.m; path = NiblessTest/DTOverlayView.m; sourceTree = "<group>"; };
		EBEB57332AA61B2200A55FE3 /* DTBackView.m */ = {isa = PBXFileReference; fileEncoding = 4; lastKnownFileType = sourcecode.c.objc; name = DTBackView.m; path = NiblessTest/DTBackView.m; sourceTree = "<group>"; };
		EBEB57342AA61B2200A55FE3 /* DTOverlayView.h */ = {isa = PBXFileReference; fileEncoding = 4; lastKnownFileType = sourcecode.c.h; name = DTOverlayView.h; path = NiblessTest/DTOverlayView.h; sourceTree = "<group>"; };
		EBEB57372AA61B4100A55FE3 /* GetNextEvent.m */ = {isa = PBXFileReference; fileEncoding = 4; lastKnownFileType = sourcecode.c.objc; name = GetNextEvent.m; path = NiblessTest/GetNextEvent.m; sourceTree = "<group>"; };
		EBEB57382AA61B4100A55FE3 /* WindowFactory.h */ = {isa = PBXFileReference; fileEncoding = 4; lastKnownFileType = sourcecode.c.h; name = WindowFactory.h; path = NiblessTest/WindowFactory.h; sourceTree = "<group>"; };
		EBEB57392AA61B4100A55FE3 /* FirstForm.m */ = {isa = PBXFileReference; fileEncoding = 4; lastKnownFileType = sourcecode.c.objc; name = FirstForm.m; path = NiblessTest/FirstForm.m; sourceTree = "<group>"; };
		EBEB573A2AA61B4100A55FE3 /* MainLoop.h */ = {isa = PBXFileReference; fileEncoding = 4; lastKnownFileType = sourcecode.c.h; name = MainLoop.h; path = NiblessTest/MainLoop.h; sourceTree = "<group>"; };
		EBEB573B2AA61B4100A55FE3 /* transitionHeader.h */ = {isa = PBXFileReference; fileEncoding = 4; lastKnownFileType = sourcecode.c.h; name = transitionHeader.h; path = NiblessTest/transitionHeader.h; sourceTree = "<group>"; };
		EBEB573C2AA61B4100A55FE3 /* GetNextEvent.h */ = {isa = PBXFileReference; fileEncoding = 4; lastKnownFileType = sourcecode.c.h; name = GetNextEvent.h; path = NiblessTest/GetNextEvent.h; sourceTree = "<group>"; };
		EBEB573D2AA61B4100A55FE3 /* WindowFactory.m */ = {isa = PBXFileReference; fileEncoding = 4; lastKnownFileType = sourcecode.c.objc; name = WindowFactory.m; path = NiblessTest/WindowFactory.m; sourceTree = "<group>"; };
		EBEB573E2AA61B4100A55FE3 /* FirstForm.h */ = {isa = PBXFileReference; fileEncoding = 4; lastKnownFileType = sourcecode.c.h; name = FirstForm.h; path = NiblessTest/FirstForm.h; sourceTree = "<group>"; };
		EBEB573F2AA61B4100A55FE3 /* MainLoop.m */ = {isa = PBXFileReference; fileEncoding = 4; lastKnownFileType = sourcecode.c.objc; name = MainLoop.m; path = NiblessTest/MainLoop.m; sourceTree = "<group>"; };
		EBF336982A8FA04600069683 /* Bouquet512.png */ = {isa = PBXFileReference; lastKnownFileType = image.png; path = Bouquet512.png; sourceTree = "<group>"; };
		EBF338842A8FB1BC00069683 /* Appl_KnjigeNT.rsrc */ = {isa = PBXFileReference; lastKnownFileType = archive.rsrc; path = Appl_KnjigeNT.rsrc; sourceTree = "<group>"; };
		EBF5681C2A9E63CF0062D320 /* CICN0822.jpg */ = {isa = PBXFileReference; lastKnownFileType = image.jpeg; name = CICN0822.jpg; path = CICN/CICN0822.jpg; sourceTree = "<group>"; };
		EBF5681D2A9E63CF0062D320 /* CICN0816.jpg */ = {isa = PBXFileReference; lastKnownFileType = image.jpeg; name = CICN0816.jpg; path = CICN/CICN0816.jpg; sourceTree = "<group>"; };
		EBF5681E2A9E63CF0062D320 /* CICN0814.jpg */ = {isa = PBXFileReference; lastKnownFileType = image.jpeg; name = CICN0814.jpg; path = CICN/CICN0814.jpg; sourceTree = "<group>"; };
		EBF5681F2A9E63CF0062D320 /* CICN0815.jpg */ = {isa = PBXFileReference; lastKnownFileType = image.jpeg; name = CICN0815.jpg; path = CICN/CICN0815.jpg; sourceTree = "<group>"; };
		EBF568202A9E63CF0062D320 /* CICN0813.jpg */ = {isa = PBXFileReference; lastKnownFileType = image.jpeg; name = CICN0813.jpg; path = CICN/CICN0813.jpg; sourceTree = "<group>"; };
		EBF568212A9E63CF0062D320 /* CICN0817.jpg */ = {isa = PBXFileReference; lastKnownFileType = image.jpeg; name = CICN0817.jpg; path = CICN/CICN0817.jpg; sourceTree = "<group>"; };
		EBF568232A9E63CF0062D320 /* CICN0818.jpg */ = {isa = PBXFileReference; lastKnownFileType = image.jpeg; name = CICN0818.jpg; path = CICN/CICN0818.jpg; sourceTree = "<group>"; };
		EBF568242A9E63CF0062D320 /* CICN0821.jpg */ = {isa = PBXFileReference; lastKnownFileType = image.jpeg; name = CICN0821.jpg; path = CICN/CICN0821.jpg; sourceTree = "<group>"; };
		EBF568252A9E63CF0062D320 /* CICN0812.jpg */ = {isa = PBXFileReference; lastKnownFileType = image.jpeg; name = CICN0812.jpg; path = CICN/CICN0812.jpg; sourceTree = "<group>"; };
		EBF568262A9E63CF0062D320 /* CICN0820.jpg */ = {isa = PBXFileReference; lastKnownFileType = image.jpeg; name = CICN0820.jpg; path = CICN/CICN0820.jpg; sourceTree = "<group>"; };
		EBF568272A9E63CF0062D320 /* CICN0819.jpg */ = {isa = PBXFileReference; lastKnownFileType = image.jpeg; name = CICN0819.jpg; path = CICN/CICN0819.jpg; sourceTree = "<group>"; };
/* End PBXFileReference section */

/* Begin PBXFrameworksBuildPhase section */
		8D11072E0486CEB800E47090 /* Frameworks */ = {
			isa = PBXFrameworksBuildPhase;
			buildActionMask = 2147483647;
			files = (
				8D11072F0486CEB800E47090 /* Cocoa.framework in Frameworks */,
				EBE7FE862A8D4635001CD6A9 /* Carbon.framework in Frameworks */,
			);
			runOnlyForDeploymentPostprocessing = 0;
		};
/* End PBXFrameworksBuildPhase section */

/* Begin PBXGroup section */
		080E96DDFE201D6D7F000001 /* Classes */ = {
			isa = PBXGroup;
			children = (
				EBCDD3E82ACF48890090487E /* Controllers */,
				EBD283F92AA2389A0021BAEE /* Extra */,
				EBF336CC2A8FA08F00069683 /* Views */,
				EBF56E4D2A8E7026009134BC /* NiblesTest */,
				EBEB572E2AA61A4F00A55FE3 /* NiblessTestAppDelegate.h */,
				EBEB572F2AA61A5000A55FE3 /* NiblessTestAppDelegate.m */,
			);
			name = Classes;
			sourceTree = "<group>";
		};
		1058C7A0FEA54F0111CA2CBB /* Linked Frameworks */ = {
			isa = PBXGroup;
			children = (
				EBE7FE852A8D4635001CD6A9 /* Carbon.framework */,
				1058C7A1FEA54F0111CA2CBB /* Cocoa.framework */,
			);
			name = "Linked Frameworks";
			sourceTree = "<group>";
		};
		1058C7A2FEA54F0111CA2CBB /* Other Frameworks */ = {
			isa = PBXGroup;
			children = (
				29B97324FDCFA39411CA2CEA /* AppKit.framework */,
				13E42FB307B3F0F600E4EEF1 /* CoreData.framework */,
				29B97325FDCFA39411CA2CEA /* Foundation.framework */,
			);
			name = "Other Frameworks";
			sourceTree = "<group>";
		};
		19C28FACFE9D520D11CA2CBB /* Products */ = {
			isa = PBXGroup;
			children = (
				8D1107320486CEB800E47090 /* NiblessTest.app */,
			);
			name = Products;
			sourceTree = "<group>";
		};
		29B97314FDCFA39411CA2CEA /* NiblesTest */ = {
			isa = PBXGroup;
			children = (
				EB5386492A8FE9AC00040808 /* 4Dummies */,
				080E96DDFE201D6D7F000001 /* Classes */,
				29B97315FDCFA39411CA2CEA /* Other Sources */,
				29B97317FDCFA39411CA2CEA /* Resources */,
				29B97323FDCFA39411CA2CEA /* Frameworks */,
				19C28FACFE9D520D11CA2CBB /* Products */,
			);
			name = NiblesTest;
			sourceTree = "<group>";
		};
		29B97315FDCFA39411CA2CEA /* Other Sources */ = {
			isa = PBXGroup;
			children = (
				256AC3F00F4B6AF500CF3369 /* NiblessTest_Prefix.pch */,
				29B97316FDCFA39411CA2CEA /* main.m */,
			);
			name = "Other Sources";
			sourceTree = "<group>";
		};
		29B97317FDCFA39411CA2CEA /* Resources */ = {
			isa = PBXGroup;
			children = (
				EBF336972A8FA04600069683 /* Rsrc */,
				8D1107310486CEB800E47090 /* NiblessTest-Info.plist */,
				089C165CFE840E0CC02AAC07 /* InfoPlist.strings */,
			);
			name = Resources;
			sourceTree = "<group>";
		};
		29B97323FDCFA39411CA2CEA /* Frameworks */ = {
			isa = PBXGroup;
			children = (
				1058C7A0FEA54F0111CA2CBB /* Linked Frameworks */,
				1058C7A2FEA54F0111CA2CBB /* Other Frameworks */,
			);
			name = Frameworks;
			sourceTree = "<group>";
		};
		EB1643912AA64244009446E6 /* PICT */ = {
			isa = PBXGroup;
			children = (
				EB3921042AAB5FB4003EBFBC /* PICT0131.jpg */,
				EB3921032AAB5FB4003EBFBC /* PICT0132.jpg */,
				EB1643942AA64255009446E6 /* PICT0602.jpg */,
				EB1643922AA64255009446E6 /* PICT0603.jpg */,
				EB1643932AA64255009446E6 /* PICT0604.jpg */,
			);
			name = PICT;
			sourceTree = "<group>";
		};
		EB5386492A8FE9AC00040808 /* 4Dummies */ = {
			isa = PBXGroup;
			children = (
				EB53864A2A8FE9AC00040808 /* Temp.m */,
				EB53864B2A8FE9AC00040808 /* Console-Output.h */,
				EB53864C2A8FE9AC00040808 /* Search-Results.h */,
				EB53864D2A8FE9AC00040808 /* Notes.h */,
				EB53864E2A8FE9AC00040808 /* Run-Debug.h */,
			);
			name = 4Dummies;
			path = ../../Desktop/4Dummies;
			sourceTree = "<group>";
		};
		EB6B95A02A9D21C50013DC1D /* CICN */ = {
			isa = PBXGroup;
			children = (
				EB6B95A12A9D21D80013DC1D /* CICN0701.jpg */,
				EB6B95A22A9D21D90013DC1D /* CICN0702.jpg */,
				EBF568252A9E63CF0062D320 /* CICN0812.jpg */,
				EBF568202A9E63CF0062D320 /* CICN0813.jpg */,
				EBF5681E2A9E63CF0062D320 /* CICN0814.jpg */,
				EBF5681F2A9E63CF0062D320 /* CICN0815.jpg */,
				EBF5681D2A9E63CF0062D320 /* CICN0816.jpg */,
				EBF568212A9E63CF0062D320 /* CICN0817.jpg */,
				EBF568232A9E63CF0062D320 /* CICN0818.jpg */,
				EBF568272A9E63CF0062D320 /* CICN0819.jpg */,
				EBF568262A9E63CF0062D320 /* CICN0820.jpg */,
				EBF568242A9E63CF0062D320 /* CICN0821.jpg */,
				EBF5681C2A9E63CF0062D320 /* CICN0822.jpg */,
			);
			name = CICN;
			sourceTree = "<group>";
		};
		EB8D158A2AB4D7DC00B7EA5B /* ICON */ = {
			isa = PBXGroup;
			children = (
				EB8D158B2AB4D7EB00B7EA5B /* ICON0145.jpg */,
				EB8D158F2AB4D7EB00B7EA5B /* ICON0146.jpg */,
				EB8D158C2AB4D7EB00B7EA5B /* ICON0147.jpg */,
				EB8D158D2AB4D7EB00B7EA5B /* ICON0305.jpg */,
				EB8D158E2AB4D7EB00B7EA5B /* ICON0306.jpg */,
				EB8D15902AB4D7EB00B7EA5B /* ICON0307.jpg */,
			);
			name = ICON;
			sourceTree = "<group>";
		};
		EBCDD3E82ACF48890090487E /* Controllers */ = {
			isa = PBXGroup;
			children = (
				EBCDD3E92ACF48C20090487E /* DTTableViewController.h */,
				EBCDD3EA2ACF48C20090487E /* DTTableViewController.m */,
			);
			name = Controllers;
			sourceTree = "<group>";
		};
		EBD283F92AA2389A0021BAEE /* Extra */ = {
			isa = PBXGroup;
			children = (
				EBD283FA2AA238BE0021BAEE /* NSFont+CFTraits.h */,
				EBD283FB2AA238BE0021BAEE /* NSFont+CFTraits.m */,
			);
			name = Extra;
			sourceTree = "<group>";
		};
		EBF336972A8FA04600069683 /* Rsrc */ = {
			isa = PBXGroup;
			children = (
				EB8D158A2AB4D7DC00B7EA5B /* ICON */,
				EB1643912AA64244009446E6 /* PICT */,
				EB6B95A02A9D21C50013DC1D /* CICN */,
				EBF336982A8FA04600069683 /* Bouquet512.png */,
				EB30958A2AA0BC6B000D946F /* Appl_KnjigeNT.rsrc.zip */,
				EBF338842A8FB1BC00069683 /* Appl_KnjigeNT.rsrc */,
			);
			path = Rsrc;
			sourceTree = "<group>";
		};
		EBF336CC2A8FA08F00069683 /* Views */ = {
			isa = PBXGroup;
			children = (
				EBEB57312AA61B2200A55FE3 /* DTBackView.h */,
				EBEB57332AA61B2200A55FE3 /* DTBackView.m */,
				EBEB57342AA61B2200A55FE3 /* DTOverlayView.h */,
				EBEB57322AA61B2200A55FE3 /* DTOverlayView.m */,
			);
			name = Views;
			sourceTree = "<group>";
		};
		EBF56E4D2A8E7026009134BC /* NiblesTest */ = {
			isa = PBXGroup;
			children = (
				EBEB573E2AA61B4100A55FE3 /* FirstForm.h */,
				EBEB57392AA61B4100A55FE3 /* FirstForm.m */,
				EBEB573C2AA61B4100A55FE3 /* GetNextEvent.h */,
				EBEB57372AA61B4100A55FE3 /* GetNextEvent.m */,
				EBEB573A2AA61B4100A55FE3 /* MainLoop.h */,
				EBEB573F2AA61B4100A55FE3 /* MainLoop.m */,
				EBEB573B2AA61B4100A55FE3 /* transitionHeader.h */,
				EBEB57382AA61B4100A55FE3 /* WindowFactory.h */,
				EBEB573D2AA61B4100A55FE3 /* WindowFactory.m */,
				EB26B6262ABB6C6300FC2E83 /* Bouquet.h */,
				EB26B6252ABB6C6200FC2E83 /* Bouquet.m */,
			);
			name = NiblesTest;
			sourceTree = "<group>";
		};
/* End PBXGroup section */

/* Begin PBXNativeTarget section */
		8D1107260486CEB800E47090 /* NiblessTest */ = {
			isa = PBXNativeTarget;
			buildConfigurationList = C01FCF4A08A954540054247B /* Build configuration list for PBXNativeTarget "NiblessTest" */;
			buildPhases = (
				8D1107290486CEB800E47090 /* Resources */,
				8D11072C0486CEB800E47090 /* Sources */,
				8D11072E0486CEB800E47090 /* Frameworks */,
				EBD0891C2A924E8A00E89CF1 /* ShellScript */,
			);
			buildRules = (
			);
			dependencies = (
			);
			name = NiblessTest;
			productInstallPath = "$(HOME)/Applications";
			productName = NiblesTest;
			productReference = 8D1107320486CEB800E47090 /* NiblessTest.app */;
			productType = "com.apple.product-type.application";
		};
/* End PBXNativeTarget section */

/* Begin PBXProject section */
		29B97313FDCFA39411CA2CEA /* Project object */ = {
			isa = PBXProject;
			attributes = {
				LastUpgradeCheck = 1340;
				ORGANIZATIONNAME = "Delovski d.o.o.";
			};
			buildConfigurationList = C01FCF4E08A954540054247B /* Build configuration list for PBXProject "NiblessTest" */;
			compatibilityVersion = "Xcode 3.1";
			developmentRegion = en;
			hasScannedForEncodings = 1;
			knownRegions = (
				Base,
				de,
				en,
				fr,
				ja,
			);
			mainGroup = 29B97314FDCFA39411CA2CEA /* NiblesTest */;
			projectDirPath = "";
			projectRoot = "";
			targets = (
				8D1107260486CEB800E47090 /* NiblessTest */,
			);
		};
/* End PBXProject section */

/* Begin PBXResourcesBuildPhase section */
		8D1107290486CEB800E47090 /* Resources */ = {
			isa = PBXResourcesBuildPhase;
			buildActionMask = 2147483647;
			files = (
				8D11072B0486CEB800E47090 /* InfoPlist.strings in Resources */,
				EB8D15952AB4D7EB00B7EA5B /* ICON0146.jpg in Resources */,
				EB3921062AAB5FB4003EBFBC /* PICT0131.jpg in Resources */,
				EB1643972AA64255009446E6 /* PICT0602.jpg in Resources */,
				EB1643952AA64255009446E6 /* PICT0603.jpg in Resources */,
				EB8D15922AB4D7EB00B7EA5B /* ICON0147.jpg in Resources */,
				EBF568322A9E63CF0062D320 /* CICN0820.jpg in Resources */,
				EBF5682F2A9E63CF0062D320 /* CICN0818.jpg in Resources */,
				EBF5682C2A9E63CF0062D320 /* CICN0813.jpg in Resources */,
				EBF568292A9E63CF0062D320 /* CICN0816.jpg in Resources */,
				EB30958B2AA0BC6B000D946F /* Appl_KnjigeNT.rsrc.zip in Resources */,
				EB1643962AA64255009446E6 /* PICT0604.jpg in Resources */,
				EBF568282A9E63CF0062D320 /* CICN0822.jpg in Resources */,
				EBF568312A9E63CF0062D320 /* CICN0812.jpg in Resources */,
				EB8D15962AB4D7EB00B7EA5B /* ICON0307.jpg in Resources */,
				EB8D15912AB4D7EB00B7EA5B /* ICON0145.jpg in Resources */,
				EB6B95A42A9D21D90013DC1D /* CICN0702.jpg in Resources */,
				EBF5682A2A9E63CF0062D320 /* CICN0814.jpg in Resources */,
				EBF568332A9E63CF0062D320 /* CICN0819.jpg in Resources */,
				EBF568302A9E63CF0062D320 /* CICN0821.jpg in Resources */,
				EBF5682D2A9E63CF0062D320 /* CICN0817.jpg in Resources */,
				EB6B95A32A9D21D90013DC1D /* CICN0701.jpg in Resources */,
				EB8D15932AB4D7EB00B7EA5B /* ICON0305.jpg in Resources */,
				EB3921052AAB5FB4003EBFBC /* PICT0132.jpg in Resources */,
				EBF5682B2A9E63CF0062D320 /* CICN0815.jpg in Resources */,
				EBF336992A8FA04600069683 /* Bouquet512.png in Resources */,
				EB8D15942AB4D7EB00B7EA5B /* ICON0306.jpg in Resources */,
			);
			runOnlyForDeploymentPostprocessing = 0;
		};
/* End PBXResourcesBuildPhase section */

/* Begin PBXShellScriptBuildPhase section */
		EBD0891C2A924E8A00E89CF1 /* ShellScript */ = {
			isa = PBXShellScriptBuildPhase;
			buildActionMask = 2147483647;
			files = (
			);
			inputFileListPaths = (
			);
			inputPaths = (
			);
			outputFileListPaths = (
			);
			outputPaths = (
			);
			runOnlyForDeploymentPostprocessing = 0;
			shellPath = /bin/sh;
			shellScript = "# Path to the directory containing your resource files \nRESOURCE_DIR=\"${PROJECT_DIR}/Rsrc\" \n\n# Path to the built app bundle \nAPP_BUNDLE=\"${BUILT_PRODUCTS_DIR}/${TARGET_NAME}.app\" \n\n/usr/bin/ResMerger -srcIs RSRC \"${RESOURCE_DIR}/Appl_KnjigeNT.rsrc\" -o \"${APP_BUNDLE}/Contents/Resources/${TARGET_NAME}.rsrc\" \n\ncd $BUILT_PRODUCTS_DIR \n# rm -f GeneralCocoaProject.zip \nrm -f ${TARGET_NAME}.zip \n# zip -r GeneralCocoaProject GeneralCocoaProject.app \nzip -r ${TARGET_NAME} ${TARGET_NAME}.app\n";
		};
/* End PBXShellScriptBuildPhase section */

/* Begin PBXSourcesBuildPhase section */
		8D11072C0486CEB800E47090 /* Sources */ = {
			isa = PBXSourcesBuildPhase;
			buildActionMask = 2147483647;
			files = (
				EBEB57412AA61B4100A55FE3 /* FirstForm.m in Sources */,
				8D11072D0486CEB800E47090 /* main.m in Sources */,
				EBEB57422AA61B4100A55FE3 /* WindowFactory.m in Sources */,
				EB26B6272ABB6C6300FC2E83 /* Bouquet.m in Sources */,
				EBD283FC2AA238BE0021BAEE /* NSFont+CFTraits.m in Sources */,
				EBEB57362AA61B2200A55FE3 /* DTBackView.m in Sources */,
				EBEB57302AA61A5000A55FE3 /* NiblessTestAppDelegate.m in Sources */,
				EBEB57432AA61B4100A55FE3 /* MainLoop.m in Sources */,
				EBEB57402AA61B4100A55FE3 /* GetNextEvent.m in Sources */,
				EBCDD3EB2ACF48C20090487E /* DTTableViewController.m in Sources */,
				EBEB57352AA61B2200A55FE3 /* DTOverlayView.m in Sources */,
			);
			runOnlyForDeploymentPostprocessing = 0;
		};
/* End PBXSourcesBuildPhase section */

/* Begin PBXVariantGroup section */
		089C165CFE840E0CC02AAC07 /* InfoPlist.strings */ = {
			isa = PBXVariantGroup;
			children = (
				EB60FC7F2A90FB9C00445F13 /* en */,
			);
			name = InfoPlist.strings;
			sourceTree = "<group>";
		};
/* End PBXVariantGroup section */

/* Begin XCBuildConfiguration section */
		C01FCF4B08A954540054247B /* Debug */ = {
			isa = XCBuildConfiguration;
			buildSettings = {
				ALWAYS_SEARCH_USER_PATHS = NO;
				CLANG_ENABLE_OBJC_WEAK = YES;
				CODE_SIGN_IDENTITY = "";
				COPY_PHASE_STRIP = NO;
				GCC_DYNAMIC_NO_PIC = NO;
				GCC_MODEL_TUNING = G5;
				GCC_OPTIMIZATION_LEVEL = 0;
				GCC_PRECOMPILE_PREFIX_HEADER = YES;
				GCC_PREFIX_HEADER = NiblessTest_Prefix.pch;
				GCC_WARN_ABOUT_DEPRECATED_FUNCTIONS = NO;
				INFOPLIST_FILE = "NiblessTest-Info.plist";
				INSTALL_PATH = "$(HOME)/Applications";
				MACOSX_DEPLOYMENT_TARGET = 10.9;
				OTHER_CFLAGS = (
					"-Wall",
					"-Wno-unused-variable",
					"-Wno-parentheses",
					"-Wno-unused-but-set-variable",
					"-Wno-unknown-warning-option",
					"-Wno-trigraphs",
				);
				PRODUCT_BUNDLE_IDENTIFIER = "hr.delovski.${PRODUCT_NAME:rfc1034identifier}";
				PRODUCT_NAME = NiblessTest;
				SDKROOT = macosx;
			};
			name = Debug;
		};
		C01FCF4C08A954540054247B /* Release */ = {
			isa = XCBuildConfiguration;
			buildSettings = {
				ALWAYS_SEARCH_USER_PATHS = NO;
				CLANG_ENABLE_OBJC_WEAK = YES;
				CODE_SIGN_IDENTITY = "";
				DEBUG_INFORMATION_FORMAT = "dwarf-with-dsym";
				GCC_MODEL_TUNING = G5;
				GCC_PRECOMPILE_PREFIX_HEADER = YES;
				GCC_PREFIX_HEADER = NiblessTest_Prefix.pch;
				GCC_WARN_ABOUT_DEPRECATED_FUNCTIONS = NO;
				INFOPLIST_FILE = "NiblessTest-Info.plist";
				INSTALL_PATH = "$(HOME)/Applications";
				MACOSX_DEPLOYMENT_TARGET = 10.9;
				OTHER_CFLAGS = (
					"-Wall",
					"-Wno-unused-variable",
					"-Wno-parentheses",
					"-Wno-unused-but-set-variable",
					"-Wno-unknown-warning-option",
					"-Wno-trigraphs",
				);
				PRODUCT_BUNDLE_IDENTIFIER = "hr.delovski.${PRODUCT_NAME:rfc1034identifier}";
				PRODUCT_NAME = NiblessTest;
				SDKROOT = macosx;
			};
			name = Release;
		};
		C01FCF4F08A954540054247B /* Debug */ = {
			isa = XCBuildConfiguration;
			buildSettings = {
				CLANG_ANALYZER_LOCALIZABILITY_NONLOCALIZED = YES;
				CLANG_WARN_BLOCK_CAPTURE_AUTORELEASING = YES;
				CLANG_WARN_BOOL_CONVERSION = YES;
				CLANG_WARN_COMMA = YES;
				CLANG_WARN_CONSTANT_CONVERSION = YES;
				CLANG_WARN_DEPRECATED_OBJC_IMPLEMENTATIONS = YES;
				CLANG_WARN_EMPTY_BODY = YES;
				CLANG_WARN_ENUM_CONVERSION = YES;
				CLANG_WARN_INFINITE_RECURSION = YES;
				CLANG_WARN_INT_CONVERSION = YES;
				CLANG_WARN_NON_LITERAL_NULL_CONVERSION = YES;
				CLANG_WARN_OBJC_IMPLICIT_RETAIN_SELF = YES;
				CLANG_WARN_OBJC_LITERAL_CONVERSION = YES;
				CLANG_WARN_QUOTED_INCLUDE_IN_FRAMEWORK_HEADER = YES;
				CLANG_WARN_RANGE_LOOP_ANALYSIS = YES;
				CLANG_WARN_STRICT_PROTOTYPES = YES;
				CLANG_WARN_SUSPICIOUS_MOVE = YES;
				CLANG_WARN_UNREACHABLE_CODE = YES;
				CLANG_WARN__DUPLICATE_METHOD_MATCH = YES;
				ENABLE_STRICT_OBJC_MSGSEND = YES;
				ENABLE_TESTABILITY = YES;
				GCC_C_LANGUAGE_STANDARD = gnu99;
				GCC_NO_COMMON_BLOCKS = YES;
				GCC_OPTIMIZATION_LEVEL = 0;
				GCC_WARN_64_TO_32_BIT_CONVERSION = YES;
				GCC_WARN_ABOUT_DEPRECATED_FUNCTIONS = NO;
				GCC_WARN_ABOUT_RETURN_TYPE = YES;
				GCC_WARN_UNDECLARED_SELECTOR = YES;
				GCC_WARN_UNINITIALIZED_AUTOS = YES;
				GCC_WARN_UNUSED_FUNCTION = YES;
				GCC_WARN_UNUSED_VARIABLE = YES;
				ONLY_ACTIVE_ARCH = YES;
				SDKROOT = macosx;
			};
			name = Debug;
		};
		C01FCF5008A954540054247B /* Release */ = {
			isa = XCBuildConfiguration;
			buildSettings = {
				CLANG_ANALYZER_LOCALIZABILITY_NONLOCALIZED = YES;
				CLANG_WARN_BLOCK_CAPTURE_AUTORELEASING = YES;
				CLANG_WARN_BOOL_CONVERSION = YES;
				CLANG_WARN_COMMA = YES;
				CLANG_WARN_CONSTANT_CONVERSION = YES;
				CLANG_WARN_DEPRECATED_OBJC_IMPLEMENTATIONS = YES;
				CLANG_WARN_EMPTY_BODY = YES;
				CLANG_WARN_ENUM_CONVERSION = YES;
				CLANG_WARN_INFINITE_RECURSION = YES;
				CLANG_WARN_INT_CONVERSION = YES;
				CLANG_WARN_NON_LITERAL_NULL_CONVERSION = YES;
				CLANG_WARN_OBJC_IMPLICIT_RETAIN_SELF = YES;
				CLANG_WARN_OBJC_LITERAL_CONVERSION = YES;
				CLANG_WARN_QUOTED_INCLUDE_IN_FRAMEWORK_HEADER = YES;
				CLANG_WARN_RANGE_LOOP_ANALYSIS = YES;
				CLANG_WARN_STRICT_PROTOTYPES = YES;
				CLANG_WARN_SUSPICIOUS_MOVE = YES;
				CLANG_WARN_UNREACHABLE_CODE = YES;
				CLANG_WARN__DUPLICATE_METHOD_MATCH = YES;
				ENABLE_STRICT_OBJC_MSGSEND = YES;
				GCC_C_LANGUAGE_STANDARD = gnu99;
				GCC_NO_COMMON_BLOCKS = YES;
				GCC_WARN_64_TO_32_BIT_CONVERSION = YES;
				GCC_WARN_ABOUT_DEPRECATED_FUNCTIONS = NO;
				GCC_WARN_ABOUT_RETURN_TYPE = YES;
				GCC_WARN_UNDECLARED_SELECTOR = YES;
				GCC_WARN_UNINITIALIZED_AUTOS = YES;
				GCC_WARN_UNUSED_FUNCTION = YES;
				GCC_WARN_UNUSED_VARIABLE = YES;
				SDKROOT = macosx;
			};
			name = Release;
		};
/* End XCBuildConfiguration section */

/* Begin XCConfigurationList section */
		C01FCF4A08A954540054247B /* Build configuration list for PBXNativeTarget "NiblessTest" */ = {
			isa = XCConfigurationList;
			buildConfigurations = (
				C01FCF4B08A954540054247B /* Debug */,
				C01FCF4C08A954540054247B /* Release */,
			);
			defaultConfigurationIsVisible = 0;
			defaultConfigurationName = Release;
		};
		C01FCF4E08A954540054247B /* Build configuration list for PBXProject "NiblessTest" */ = {
			isa = XCConfigurationList;
			buildConfigurations = (
				C01FCF4F08A954540054247B /* Debug */,
				C01FCF5008A954540054247B /* Release */,
			);
			defaultConfigurationIsVisible = 0;
			defaultConfigurationName = Release;
		};
/* End XCConfigurationList section */
	};
	rootObject = 29B97313FDCFA39411CA2CEA /* Project object */;
}
